// !$*UTF8*$!
{
	archiveVersion = 1;
	classes = {
	};
	objectVersion = 56;
	objects = {

/* Begin PBXBuildFile section */
		A73231022A87ACE2007335C3 /* GoogleService-Info.plist in Resources */ = {isa = PBXBuildFile; fileRef = A73231012A87ACE2007335C3 /* GoogleService-Info.plist */; };
		A73231042A87BC80007335C3 /* DatabaseManager.swift in Sources */ = {isa = PBXBuildFile; fileRef = A73231032A87BC80007335C3 /* DatabaseManager.swift */; };
		A7662ED52A841DD900DF4023 /* AppDelegate.swift in Sources */ = {isa = PBXBuildFile; fileRef = A7662ED42A841DD900DF4023 /* AppDelegate.swift */; };
		A7662ED72A841DD900DF4023 /* SceneDelegate.swift in Sources */ = {isa = PBXBuildFile; fileRef = A7662ED62A841DD900DF4023 /* SceneDelegate.swift */; };
		A7662ED92A841DD900DF4023 /* ConversationsViewController.swift in Sources */ = {isa = PBXBuildFile; fileRef = A7662ED82A841DD900DF4023 /* ConversationsViewController.swift */; };
		A7662EDC2A841DD900DF4023 /* Main.storyboard in Resources */ = {isa = PBXBuildFile; fileRef = A7662EDA2A841DD900DF4023 /* Main.storyboard */; };
		A7662EDE2A841DDA00DF4023 /* Assets.xcassets in Resources */ = {isa = PBXBuildFile; fileRef = A7662EDD2A841DDA00DF4023 /* Assets.xcassets */; };
		A7662EE12A841DDA00DF4023 /* LaunchScreen.storyboard in Resources */ = {isa = PBXBuildFile; fileRef = A7662EDF2A841DDA00DF4023 /* LaunchScreen.storyboard */; };
		A7A5352F2A8423030044F9EE /* LoginViewController.swift in Sources */ = {isa = PBXBuildFile; fileRef = A7A5352E2A8423030044F9EE /* LoginViewController.swift */; };
		A7A535312A84230C0044F9EE /* RegisterViewController.swift in Sources */ = {isa = PBXBuildFile; fileRef = A7A535302A84230C0044F9EE /* RegisterViewController.swift */; };
		A7A535332A8423390044F9EE /* PhotoViewerViewController.swift in Sources */ = {isa = PBXBuildFile; fileRef = A7A535322A8423390044F9EE /* PhotoViewerViewController.swift */; };
		A7A535352A84234E0044F9EE /* VideoPlayerViewController.swift in Sources */ = {isa = PBXBuildFile; fileRef = A7A535342A84234E0044F9EE /* VideoPlayerViewController.swift */; };
		A7A535382A8423AE0044F9EE /* NewConversationViewController.swift in Sources */ = {isa = PBXBuildFile; fileRef = A7A535372A8423AE0044F9EE /* NewConversationViewController.swift */; };
		A7A5353B2A8423DB0044F9EE /* ProfileViewController.swift in Sources */ = {isa = PBXBuildFile; fileRef = A7A5353A2A8423DB0044F9EE /* ProfileViewController.swift */; };
		A7E1DA712A86058300565994 /* ExtensionsForSwift.swift in Sources */ = {isa = PBXBuildFile; fileRef = A7E1DA702A86058300565994 /* ExtensionsForSwift.swift */; };
		B22909CA5666C287A4CE8A35 /* Pods_Messanger.framework in Frameworks */ = {isa = PBXBuildFile; fileRef = A50268990EE749E93B7AC8BC /* Pods_Messanger.framework */; };
/* End PBXBuildFile section */

/* Begin PBXFileReference section */
		51658375B9F963775B723969 /* Pods-Messanger.debug.xcconfig */ = {isa = PBXFileReference; includeInIndex = 1; lastKnownFileType = text.xcconfig; name = "Pods-Messanger.debug.xcconfig"; path = "Target Support Files/Pods-Messanger/Pods-Messanger.debug.xcconfig"; sourceTree = "<group>"; };
		76185C64A7A741C12B19315A /* Pods-Messanger.release.xcconfig */ = {isa = PBXFileReference; includeInIndex = 1; lastKnownFileType = text.xcconfig; name = "Pods-Messanger.release.xcconfig"; path = "Target Support Files/Pods-Messanger/Pods-Messanger.release.xcconfig"; sourceTree = "<group>"; };
		A50268990EE749E93B7AC8BC /* Pods_Messanger.framework */ = {isa = PBXFileReference; explicitFileType = wrapper.framework; includeInIndex = 0; path = Pods_Messanger.framework; sourceTree = BUILT_PRODUCTS_DIR; };
		A73231012A87ACE2007335C3 /* GoogleService-Info.plist */ = {isa = PBXFileReference; fileEncoding = 4; lastKnownFileType = text.plist.xml; name = "GoogleService-Info.plist"; path = "../../../Downloads/GoogleService-Info.plist"; sourceTree = "<group>"; };
		A73231032A87BC80007335C3 /* DatabaseManager.swift */ = {isa = PBXFileReference; lastKnownFileType = sourcecode.swift; path = DatabaseManager.swift; sourceTree = "<group>"; };
		A7662ED12A841DD900DF4023 /* Messanger.app */ = {isa = PBXFileReference; explicitFileType = wrapper.application; includeInIndex = 0; path = Messanger.app; sourceTree = BUILT_PRODUCTS_DIR; };
		A7662ED42A841DD900DF4023 /* AppDelegate.swift */ = {isa = PBXFileReference; lastKnownFileType = sourcecode.swift; path = AppDelegate.swift; sourceTree = "<group>"; };
		A7662ED62A841DD900DF4023 /* SceneDelegate.swift */ = {isa = PBXFileReference; lastKnownFileType = sourcecode.swift; path = SceneDelegate.swift; sourceTree = "<group>"; };
		A7662ED82A841DD900DF4023 /* ConversationsViewController.swift */ = {isa = PBXFileReference; lastKnownFileType = sourcecode.swift; path = ConversationsViewController.swift; sourceTree = "<group>"; };
		A7662EDB2A841DD900DF4023 /* Base */ = {isa = PBXFileReference; lastKnownFileType = file.storyboard; name = Base; path = Base.lproj/Main.storyboard; sourceTree = "<group>"; };
		A7662EDD2A841DDA00DF4023 /* Assets.xcassets */ = {isa = PBXFileReference; lastKnownFileType = folder.assetcatalog; path = Assets.xcassets; sourceTree = "<group>"; };
		A7662EE02A841DDA00DF4023 /* Base */ = {isa = PBXFileReference; lastKnownFileType = file.storyboard; name = Base; path = Base.lproj/LaunchScreen.storyboard; sourceTree = "<group>"; };
		A7662EE22A841DDA00DF4023 /* Info.plist */ = {isa = PBXFileReference; lastKnownFileType = text.plist.xml; path = Info.plist; sourceTree = "<group>"; };
		A7A5352E2A8423030044F9EE /* LoginViewController.swift */ = {isa = PBXFileReference; lastKnownFileType = sourcecode.swift; path = LoginViewController.swift; sourceTree = "<group>"; };
		A7A535302A84230C0044F9EE /* RegisterViewController.swift */ = {isa = PBXFileReference; lastKnownFileType = sourcecode.swift; path = RegisterViewController.swift; sourceTree = "<group>"; };
		A7A535322A8423390044F9EE /* PhotoViewerViewController.swift */ = {isa = PBXFileReference; lastKnownFileType = sourcecode.swift; path = PhotoViewerViewController.swift; sourceTree = "<group>"; };
		A7A535342A84234E0044F9EE /* VideoPlayerViewController.swift */ = {isa = PBXFileReference; lastKnownFileType = sourcecode.swift; path = VideoPlayerViewController.swift; sourceTree = "<group>"; };
		A7A535372A8423AE0044F9EE /* NewConversationViewController.swift */ = {isa = PBXFileReference; lastKnownFileType = sourcecode.swift; path = NewConversationViewController.swift; sourceTree = "<group>"; };
		A7A5353A2A8423DB0044F9EE /* ProfileViewController.swift */ = {isa = PBXFileReference; lastKnownFileType = sourcecode.swift; path = ProfileViewController.swift; sourceTree = "<group>"; };
		A7E1DA702A86058300565994 /* ExtensionsForSwift.swift */ = {isa = PBXFileReference; lastKnownFileType = sourcecode.swift; path = ExtensionsForSwift.swift; sourceTree = "<group>"; };
/* End PBXFileReference section */

/* Begin PBXFrameworksBuildPhase section */
		A7662ECE2A841DD900DF4023 /* Frameworks */ = {
			isa = PBXFrameworksBuildPhase;
			buildActionMask = 2147483647;
			files = (
				B22909CA5666C287A4CE8A35 /* Pods_Messanger.framework in Frameworks */,
			);
			runOnlyForDeploymentPostprocessing = 0;
		};
/* End PBXFrameworksBuildPhase section */

/* Begin PBXGroup section */
		057C8A35156138B5EDFBE0EA /* Frameworks */ = {
			isa = PBXGroup;
			children = (
				A50268990EE749E93B7AC8BC /* Pods_Messanger.framework */,
			);
			name = Frameworks;
			sourceTree = "<group>";
		};
		373D6DCA122A99EFDF8DC54E /* Pods */ = {
			isa = PBXGroup;
			children = (
				51658375B9F963775B723969 /* Pods-Messanger.debug.xcconfig */,
				76185C64A7A741C12B19315A /* Pods-Messanger.release.xcconfig */,
			);
			path = Pods;
			sourceTree = "<group>";
		};
		A7662EC82A841DD900DF4023 = {
			isa = PBXGroup;
			children = (
				A7662ED32A841DD900DF4023 /* Messanger */,
				A7662ED22A841DD900DF4023 /* Products */,
				373D6DCA122A99EFDF8DC54E /* Pods */,
				057C8A35156138B5EDFBE0EA /* Frameworks */,
			);
			sourceTree = "<group>";
		};
		A7662ED22A841DD900DF4023 /* Products */ = {
			isa = PBXGroup;
			children = (
				A7662ED12A841DD900DF4023 /* Messanger.app */,
			);
			name = Products;
			sourceTree = "<group>";
		};
		A7662ED32A841DD900DF4023 /* Messanger */ = {
			isa = PBXGroup;
			children = (
				A7A535282A8420CE0044F9EE /* Models */,
				A7A535292A8420D60044F9EE /* Views */,
				A7A5352A2A8420E10044F9EE /* ViewModels */,
				A7A5352C2A8421020044F9EE /* Resources */,
				A7A5352B2A8420E80044F9EE /* Controllers */,
				A7662EE22A841DDA00DF4023 /* Info.plist */,
				A73231012A87ACE2007335C3 /* GoogleService-Info.plist */,
			);
			path = Messanger;
			sourceTree = "<group>";
		};
		A7A535282A8420CE0044F9EE /* Models */ = {
			isa = PBXGroup;
			children = (
			);
			path = Models;
			sourceTree = "<group>";
		};
		A7A535292A8420D60044F9EE /* Views */ = {
			isa = PBXGroup;
			children = (
				A7A5352D2A84215E0044F9EE /* Storyboards */,
				A7662EDD2A841DDA00DF4023 /* Assets.xcassets */,
			);
			path = Views;
			sourceTree = "<group>";
		};
		A7A5352A2A8420E10044F9EE /* ViewModels */ = {
			isa = PBXGroup;
			children = (
			);
			path = ViewModels;
			sourceTree = "<group>";
		};
		A7A5352B2A8420E80044F9EE /* Controllers */ = {
			isa = PBXGroup;
			children = (
				A7662ED82A841DD900DF4023 /* ConversationsViewController.swift */,
				A7A5353C2A8424F90044F9EE /* Login&Register */,
				A7A535322A8423390044F9EE /* PhotoViewerViewController.swift */,
				A7A535342A84234E0044F9EE /* VideoPlayerViewController.swift */,
				A7A535372A8423AE0044F9EE /* NewConversationViewController.swift */,
				A7A5353A2A8423DB0044F9EE /* ProfileViewController.swift */,
			);
			path = Controllers;
			sourceTree = "<group>";
		};
		A7A5352C2A8421020044F9EE /* Resources */ = {
			isa = PBXGroup;
			children = (
				A7662ED42A841DD900DF4023 /* AppDelegate.swift */,
				A7662ED62A841DD900DF4023 /* SceneDelegate.swift */,
				A7E1DA702A86058300565994 /* ExtensionsForSwift.swift */,
				A73231032A87BC80007335C3 /* DatabaseManager.swift */,
			);
			path = Resources;
			sourceTree = "<group>";
		};
		A7A5352D2A84215E0044F9EE /* Storyboards */ = {
			isa = PBXGroup;
			children = (
				A7662EDA2A841DD900DF4023 /* Main.storyboard */,
				A7662EDF2A841DDA00DF4023 /* LaunchScreen.storyboard */,
			);
			path = Storyboards;
			sourceTree = "<group>";
		};
		A7A5353C2A8424F90044F9EE /* Login&Register */ = {
			isa = PBXGroup;
			children = (
				A7A535302A84230C0044F9EE /* RegisterViewController.swift */,
				A7A5352E2A8423030044F9EE /* LoginViewController.swift */,
			);
			path = "Login&Register";
			sourceTree = "<group>";
		};
/* End PBXGroup section */

/* Begin PBXNativeTarget section */
		A7662ED02A841DD900DF4023 /* Messanger */ = {
			isa = PBXNativeTarget;
			buildConfigurationList = A7662EE52A841DDA00DF4023 /* Build configuration list for PBXNativeTarget "Messanger" */;
			buildPhases = (
				E5C4AB432F9D16622E9C2144 /* [CP] Check Pods Manifest.lock */,
				A7662ECD2A841DD900DF4023 /* Sources */,
				A7662ECE2A841DD900DF4023 /* Frameworks */,
				A7662ECF2A841DD900DF4023 /* Resources */,
				3DFA86A021483D2A4A329D6B /* [CP] Embed Pods Frameworks */,
			);
			buildRules = (
			);
			dependencies = (
			);
			name = Messanger;
			productName = Messanger;
			productReference = A7662ED12A841DD900DF4023 /* Messanger.app */;
			productType = "com.apple.product-type.application";
		};
/* End PBXNativeTarget section */

/* Begin PBXProject section */
		A7662EC92A841DD900DF4023 /* Project object */ = {
			isa = PBXProject;
			attributes = {
				BuildIndependentTargetsInParallel = 1;
				LastSwiftUpdateCheck = 1430;
				LastUpgradeCheck = 1430;
				TargetAttributes = {
					A7662ED02A841DD900DF4023 = {
						CreatedOnToolsVersion = 14.3.1;
					};
				};
			};
			buildConfigurationList = A7662ECC2A841DD900DF4023 /* Build configuration list for PBXProject "Messanger" */;
			compatibilityVersion = "Xcode 14.0";
			developmentRegion = en;
			hasScannedForEncodings = 0;
			knownRegions = (
				en,
				Base,
			);
			mainGroup = A7662EC82A841DD900DF4023;
			productRefGroup = A7662ED22A841DD900DF4023 /* Products */;
			projectDirPath = "";
			projectRoot = "";
			targets = (
				A7662ED02A841DD900DF4023 /* Messanger */,
			);
		};
/* End PBXProject section */

/* Begin PBXResourcesBuildPhase section */
		A7662ECF2A841DD900DF4023 /* Resources */ = {
			isa = PBXResourcesBuildPhase;
			buildActionMask = 2147483647;
			files = (
				A7662EE12A841DDA00DF4023 /* LaunchScreen.storyboard in Resources */,
				A73231022A87ACE2007335C3 /* GoogleService-Info.plist in Resources */,
				A7662EDE2A841DDA00DF4023 /* Assets.xcassets in Resources */,
				A7662EDC2A841DD900DF4023 /* Main.storyboard in Resources */,
			);
			runOnlyForDeploymentPostprocessing = 0;
		};
/* End PBXResourcesBuildPhase section */

/* Begin PBXShellScriptBuildPhase section */
		3DFA86A021483D2A4A329D6B /* [CP] Embed Pods Frameworks */ = {
			isa = PBXShellScriptBuildPhase;
			buildActionMask = 2147483647;
			files = (
			);
			inputFileListPaths = (
				"${PODS_ROOT}/Target Support Files/Pods-Messanger/Pods-Messanger-frameworks-${CONFIGURATION}-input-files.xcfilelist",
			);
			name = "[CP] Embed Pods Frameworks";
			outputFileListPaths = (
				"${PODS_ROOT}/Target Support Files/Pods-Messanger/Pods-Messanger-frameworks-${CONFIGURATION}-output-files.xcfilelist",
			);
			runOnlyForDeploymentPostprocessing = 0;
			shellPath = /bin/sh;
			shellScript = "\"${PODS_ROOT}/Target Support Files/Pods-Messanger/Pods-Messanger-frameworks.sh\"\n";
			showEnvVarsInLog = 0;
		};
		E5C4AB432F9D16622E9C2144 /* [CP] Check Pods Manifest.lock */ = {
			isa = PBXShellScriptBuildPhase;
			buildActionMask = 2147483647;
			files = (
			);
			inputFileListPaths = (
			);
			inputPaths = (
				"${PODS_PODFILE_DIR_PATH}/Podfile.lock",
				"${PODS_ROOT}/Manifest.lock",
			);
			name = "[CP] Check Pods Manifest.lock";
			outputFileListPaths = (
			);
			outputPaths = (
				"$(DERIVED_FILE_DIR)/Pods-Messanger-checkManifestLockResult.txt",
			);
			runOnlyForDeploymentPostprocessing = 0;
			shellPath = /bin/sh;
			shellScript = "diff \"${PODS_PODFILE_DIR_PATH}/Podfile.lock\" \"${PODS_ROOT}/Manifest.lock\" > /dev/null\nif [ $? != 0 ] ; then\n    # print error to STDERR\n    echo \"error: The sandbox is not in sync with the Podfile.lock. Run 'pod install' or update your CocoaPods installation.\" >&2\n    exit 1\nfi\n# This output is used by Xcode 'outputs' to avoid re-running this script phase.\necho \"SUCCESS\" > \"${SCRIPT_OUTPUT_FILE_0}\"\n";
			showEnvVarsInLog = 0;
		};
/* End PBXShellScriptBuildPhase section */

/* Begin PBXSourcesBuildPhase section */
		A7662ECD2A841DD900DF4023 /* Sources */ = {
			isa = PBXSourcesBuildPhase;
			buildActionMask = 2147483647;
			files = (
				A7A5352F2A8423030044F9EE /* LoginViewController.swift in Sources */,
				A73231042A87BC80007335C3 /* DatabaseManager.swift in Sources */,
				A7A535312A84230C0044F9EE /* RegisterViewController.swift in Sources */,
				A7A535382A8423AE0044F9EE /* NewConversationViewController.swift in Sources */,
				A7E1DA712A86058300565994 /* ExtensionsForSwift.swift in Sources */,
				A7662ED92A841DD900DF4023 /* ConversationsViewController.swift in Sources */,
				A7A535352A84234E0044F9EE /* VideoPlayerViewController.swift in Sources */,
				A7662ED52A841DD900DF4023 /* AppDelegate.swift in Sources */,
				A7A5353B2A8423DB0044F9EE /* ProfileViewController.swift in Sources */,
				A7662ED72A841DD900DF4023 /* SceneDelegate.swift in Sources */,
				A7A535332A8423390044F9EE /* PhotoViewerViewController.swift in Sources */,
			);
			runOnlyForDeploymentPostprocessing = 0;
		};
/* End PBXSourcesBuildPhase section */

/* Begin PBXVariantGroup section */
		A7662EDA2A841DD900DF4023 /* Main.storyboard */ = {
			isa = PBXVariantGroup;
			children = (
				A7662EDB2A841DD900DF4023 /* Base */,
			);
			name = Main.storyboard;
			sourceTree = "<group>";
		};
		A7662EDF2A841DDA00DF4023 /* LaunchScreen.storyboard */ = {
			isa = PBXVariantGroup;
			children = (
				A7662EE02A841DDA00DF4023 /* Base */,
			);
			name = LaunchScreen.storyboard;
			sourceTree = "<group>";
		};
/* End PBXVariantGroup section */

/* Begin XCBuildConfiguration section */
		A7662EE32A841DDA00DF4023 /* Debug */ = {
			isa = XCBuildConfiguration;
			buildSettings = {
				ALWAYS_SEARCH_USER_PATHS = NO;
				CLANG_ANALYZER_NONNULL = YES;
				CLANG_ANALYZER_NUMBER_OBJECT_CONVERSION = YES_AGGRESSIVE;
				CLANG_CXX_LANGUAGE_STANDARD = "gnu++20";
				CLANG_ENABLE_MODULES = YES;
				CLANG_ENABLE_OBJC_ARC = YES;
				CLANG_ENABLE_OBJC_WEAK = YES;
				CLANG_WARN_BLOCK_CAPTURE_AUTORELEASING = YES;
				CLANG_WARN_BOOL_CONVERSION = YES;
				CLANG_WARN_COMMA = YES;
				CLANG_WARN_CONSTANT_CONVERSION = YES;
				CLANG_WARN_DEPRECATED_OBJC_IMPLEMENTATIONS = YES;
				CLANG_WARN_DIRECT_OBJC_ISA_USAGE = YES_ERROR;
				CLANG_WARN_DOCUMENTATION_COMMENTS = YES;
				CLANG_WARN_EMPTY_BODY = YES;
				CLANG_WARN_ENUM_CONVERSION = YES;
				CLANG_WARN_INFINITE_RECURSION = YES;
				CLANG_WARN_INT_CONVERSION = YES;
				CLANG_WARN_NON_LITERAL_NULL_CONVERSION = YES;
				CLANG_WARN_OBJC_IMPLICIT_RETAIN_SELF = YES;
				CLANG_WARN_OBJC_LITERAL_CONVERSION = YES;
				CLANG_WARN_OBJC_ROOT_CLASS = YES_ERROR;
				CLANG_WARN_QUOTED_INCLUDE_IN_FRAMEWORK_HEADER = YES;
				CLANG_WARN_RANGE_LOOP_ANALYSIS = YES;
				CLANG_WARN_STRICT_PROTOTYPES = YES;
				CLANG_WARN_SUSPICIOUS_MOVE = YES;
				CLANG_WARN_UNGUARDED_AVAILABILITY = YES_AGGRESSIVE;
				CLANG_WARN_UNREACHABLE_CODE = YES;
				CLANG_WARN__DUPLICATE_METHOD_MATCH = YES;
				COPY_PHASE_STRIP = NO;
				DEBUG_INFORMATION_FORMAT = dwarf;
				ENABLE_STRICT_OBJC_MSGSEND = YES;
				ENABLE_TESTABILITY = YES;
				GCC_C_LANGUAGE_STANDARD = gnu11;
				GCC_DYNAMIC_NO_PIC = NO;
				GCC_NO_COMMON_BLOCKS = YES;
				GCC_OPTIMIZATION_LEVEL = 0;
				GCC_PREPROCESSOR_DEFINITIONS = (
					"DEBUG=1",
					"$(inherited)",
				);
				GCC_WARN_64_TO_32_BIT_CONVERSION = YES;
				GCC_WARN_ABOUT_RETURN_TYPE = YES_ERROR;
				GCC_WARN_UNDECLARED_SELECTOR = YES;
				GCC_WARN_UNINITIALIZED_AUTOS = YES_AGGRESSIVE;
				GCC_WARN_UNUSED_FUNCTION = YES;
				GCC_WARN_UNUSED_VARIABLE = YES;
				IPHONEOS_DEPLOYMENT_TARGET = 16.4;
				MTL_ENABLE_DEBUG_INFO = INCLUDE_SOURCE;
				MTL_FAST_MATH = YES;
				ONLY_ACTIVE_ARCH = YES;
				SDKROOT = iphoneos;
				SWIFT_ACTIVE_COMPILATION_CONDITIONS = DEBUG;
				SWIFT_OPTIMIZATION_LEVEL = "-Onone";
			};
			name = Debug;
		};
		A7662EE42A841DDA00DF4023 /* Release */ = {
			isa = XCBuildConfiguration;
			buildSettings = {
				ALWAYS_SEARCH_USER_PATHS = NO;
				CLANG_ANALYZER_NONNULL = YES;
				CLANG_ANALYZER_NUMBER_OBJECT_CONVERSION = YES_AGGRESSIVE;
				CLANG_CXX_LANGUAGE_STANDARD = "gnu++20";
				CLANG_ENABLE_MODULES = YES;
				CLANG_ENABLE_OBJC_ARC = YES;
				CLANG_ENABLE_OBJC_WEAK = YES;
				CLANG_WARN_BLOCK_CAPTURE_AUTORELEASING = YES;
				CLANG_WARN_BOOL_CONVERSION = YES;
				CLANG_WARN_COMMA = YES;
				CLANG_WARN_CONSTANT_CONVERSION = YES;
				CLANG_WARN_DEPRECATED_OBJC_IMPLEMENTATIONS = YES;
				CLANG_WARN_DIRECT_OBJC_ISA_USAGE = YES_ERROR;
				CLANG_WARN_DOCUMENTATION_COMMENTS = YES;
				CLANG_WARN_EMPTY_BODY = YES;
				CLANG_WARN_ENUM_CONVERSION = YES;
				CLANG_WARN_INFINITE_RECURSION = YES;
				CLANG_WARN_INT_CONVERSION = YES;
				CLANG_WARN_NON_LITERAL_NULL_CONVERSION = YES;
				CLANG_WARN_OBJC_IMPLICIT_RETAIN_SELF = YES;
				CLANG_WARN_OBJC_LITERAL_CONVERSION = YES;
				CLANG_WARN_OBJC_ROOT_CLASS = YES_ERROR;
				CLANG_WARN_QUOTED_INCLUDE_IN_FRAMEWORK_HEADER = YES;
				CLANG_WARN_RANGE_LOOP_ANALYSIS = YES;
				CLANG_WARN_STRICT_PROTOTYPES = YES;
				CLANG_WARN_SUSPICIOUS_MOVE = YES;
				CLANG_WARN_UNGUARDED_AVAILABILITY = YES_AGGRESSIVE;
				CLANG_WARN_UNREACHABLE_CODE = YES;
				CLANG_WARN__DUPLICATE_METHOD_MATCH = YES;
				COPY_PHASE_STRIP = NO;
				DEBUG_INFORMATION_FORMAT = "dwarf-with-dsym";
				ENABLE_NS_ASSERTIONS = NO;
				ENABLE_STRICT_OBJC_MSGSEND = YES;
				GCC_C_LANGUAGE_STANDARD = gnu11;
				GCC_NO_COMMON_BLOCKS = YES;
				GCC_WARN_64_TO_32_BIT_CONVERSION = YES;
				GCC_WARN_ABOUT_RETURN_TYPE = YES_ERROR;
				GCC_WARN_UNDECLARED_SELECTOR = YES;
				GCC_WARN_UNINITIALIZED_AUTOS = YES_AGGRESSIVE;
				GCC_WARN_UNUSED_FUNCTION = YES;
				GCC_WARN_UNUSED_VARIABLE = YES;
				IPHONEOS_DEPLOYMENT_TARGET = 16.4;
				MTL_ENABLE_DEBUG_INFO = NO;
				MTL_FAST_MATH = YES;
				SDKROOT = iphoneos;
				SWIFT_COMPILATION_MODE = wholemodule;
				SWIFT_OPTIMIZATION_LEVEL = "-O";
				VALIDATE_PRODUCT = YES;
			};
			name = Release;
		};
		A7662EE62A841DDA00DF4023 /* Debug */ = {
			isa = XCBuildConfiguration;
			baseConfigurationReference = 51658375B9F963775B723969 /* Pods-Messanger.debug.xcconfig */;
			buildSettings = {
				ASSETCATALOG_COMPILER_APPICON_NAME = AppIcon;
				ASSETCATALOG_COMPILER_GLOBAL_ACCENT_COLOR_NAME = AccentColor;
				CODE_SIGN_STYLE = Automatic;
				CURRENT_PROJECT_VERSION = 1;
				DEVELOPMENT_TEAM = X6MF2GQY74;
				GENERATE_INFOPLIST_FILE = YES;
				INFOPLIST_FILE = Messanger/Info.plist;
				INFOPLIST_KEY_UIApplicationSupportsIndirectInputEvents = YES;
				INFOPLIST_KEY_UILaunchStoryboardName = LaunchScreen;
				INFOPLIST_KEY_UIMainStoryboardFile = Main;
				INFOPLIST_KEY_UIStatusBarStyle = "";
				INFOPLIST_KEY_UISupportedInterfaceOrientations = UIInterfaceOrientationPortrait;
				IPHONEOS_DEPLOYMENT_TARGET = 15.0;
				LD_RUNPATH_SEARCH_PATHS = (
					"$(inherited)",
					"@executable_path/Frameworks",
				);
				MARKETING_VERSION = 1.0;
				PRODUCT_BUNDLE_IDENTIFIER = valentinrymsha.Messanger;
				PRODUCT_NAME = "$(TARGET_NAME)";
				SUPPORTED_PLATFORMS = "iphoneos iphonesimulator";
				SUPPORTS_MACCATALYST = NO;
				SUPPORTS_MAC_DESIGNED_FOR_IPHONE_IPAD = NO;
				SWIFT_EMIT_LOC_STRINGS = YES;
				SWIFT_VERSION = 5.0;
				TARGETED_DEVICE_FAMILY = "1,2";
			};
			name = Debug;
		};
		A7662EE72A841DDA00DF4023 /* Release */ = {
			isa = XCBuildConfiguration;
			baseConfigurationReference = 76185C64A7A741C12B19315A /* Pods-Messanger.release.xcconfig */;
			buildSettings = {
				ASSETCATALOG_COMPILER_APPICON_NAME = AppIcon;
				ASSETCATALOG_COMPILER_GLOBAL_ACCENT_COLOR_NAME = AccentColor;
				CODE_SIGN_STYLE = Automatic;
				CURRENT_PROJECT_VERSION = 1;
				DEVELOPMENT_TEAM = X6MF2GQY74;
				GENERATE_INFOPLIST_FILE = YES;
				INFOPLIST_FILE = Messanger/Info.plist;
				INFOPLIST_KEY_UIApplicationSupportsIndirectInputEvents = YES;
				INFOPLIST_KEY_UILaunchStoryboardName = LaunchScreen;
				INFOPLIST_KEY_UIMainStoryboardFile = Main;
				INFOPLIST_KEY_UIStatusBarStyle = "";
				INFOPLIST_KEY_UISupportedInterfaceOrientations = UIInterfaceOrientationPortrait;
				IPHONEOS_DEPLOYMENT_TARGET = 15.0;
				LD_RUNPATH_SEARCH_PATHS = (
					"$(inherited)",
					"@executable_path/Frameworks",
				);
				MARKETING_VERSION = 1.0;
				PRODUCT_BUNDLE_IDENTIFIER = valentinrymsha.Messanger;
				PRODUCT_NAME = "$(TARGET_NAME)";
				SUPPORTED_PLATFORMS = "iphoneos iphonesimulator";
				SUPPORTS_MACCATALYST = NO;
				SUPPORTS_MAC_DESIGNED_FOR_IPHONE_IPAD = NO;
				SWIFT_EMIT_LOC_STRINGS = YES;
				SWIFT_VERSION = 5.0;
				TARGETED_DEVICE_FAMILY = "1,2";
			};
			name = Release;
		};
/* End XCBuildConfiguration section */

/* Begin XCConfigurationList section */
		A7662ECC2A841DD900DF4023 /* Build configuration list for PBXProject "Messanger" */ = {
			isa = XCConfigurationList;
			buildConfigurations = (
				A7662EE32A841DDA00DF4023 /* Debug */,
				A7662EE42A841DDA00DF4023 /* Release */,
			);
			defaultConfigurationIsVisible = 0;
			defaultConfigurationName = Release;
		};
		A7662EE52A841DDA00DF4023 /* Build configuration list for PBXNativeTarget "Messanger" */ = {
			isa = XCConfigurationList;
			buildConfigurations = (
				A7662EE62A841DDA00DF4023 /* Debug */,
				A7662EE72A841DDA00DF4023 /* Release */,
			);
			defaultConfigurationIsVisible = 0;
			defaultConfigurationName = Release;
		};
/* End XCConfigurationList section */
	};
	rootObject = A7662EC92A841DD900DF4023 /* Project object */;
}
